
Microsoft Visual Studio Solution File, Format Version 12.00
# Visual Studio Version 17
VisualStudioVersion = 17.11.35303.130
MinimumVisualStudioVersion = 10.0.40219.1
Project("{2150E333-8FDC-42A3-9474-1A3956D46DE8}") = "Task0", "Task0", "{2901A59E-7D6D-4603-966D-70583BF4B179}"
EndProject
Project("{9A19103F-16F7-4668-BE54-9A1E7A4F7556}") = "Tyuiu.NefedovIS.Sprint2.Task0.V7", "Tyuiu.NefedovIS.Sprint2.Task0.V7\Tyuiu.NefedovIS.Sprint2.Task0.V7.csproj", "{553C6AFE-F141-4018-8A78-42E01077F992}"
EndProject
Project("{9A19103F-16F7-4668-BE54-9A1E7A4F7556}") = "Tyuiu.NefedovIS.Sprint2.Task0.V7.Lib", "Tyuiu.NefedovIS.Sprint2.Task0.V7.Lib\Tyuiu.NefedovIS.Sprint2.Task0.V7.Lib.csproj", "{097A3464-E213-4562-9EF6-A1344E5735B0}"
EndProject
Project("{9A19103F-16F7-4668-BE54-9A1E7A4F7556}") = "Tyuiu.NefedovIS.Sprint2.Task0.V7.Test", "Tyuiu.NefedovIS.Sprint2.Task0.V7.Test\Tyuiu.NefedovIS.Sprint2.Task0.V7.Test.csproj", "{5556DB65-7A76-48C3-9ACE-5E92429F2936}"
EndProject
Project("{2150E333-8FDC-42A3-9474-1A3956D46DE8}") = "Task1", "Task1", "{3E1A2511-6BB3-4972-B072-D00289C851A6}"
EndProject
Project("{FAE04EC0-301F-11D3-BF4B-00C04F79EFBC}") = "Tyuiu.NefedovIS.Sprint2.Task1.V6", "Tyuiu.NefedovIS.Sprint2.Task1.V6\Tyuiu.NefedovIS.Sprint2.Task1.V6.csproj", "{2C843123-AB2F-4A63-8C8B-DF0D77D00A13}"
EndProject
Project("{FAE04EC0-301F-11D3-BF4B-00C04F79EFBC}") = "Tyuiu.NefedovIS.Sprint2.Task1.V6.Lib", "Tyuiu.NefedovIS.Sprint2.Task1.V6.Lib\Tyuiu.NefedovIS.Sprint2.Task1.V6.Lib.csproj", "{46E452E3-5ACE-4DE1-A9F6-81457B6C8E2D}"
EndProject
Project("{FAE04EC0-301F-11D3-BF4B-00C04F79EFBC}") = "Tyuiu.NefedovIS.Sprint2.Task1.V6.Test", "Tyuiu.NefedovIS.Sprint2.Task1.V6.Test\Tyuiu.NefedovIS.Sprint2.Task1.V6.Test.csproj", "{E2C2BB98-F996-44DA-8B07-D41E4C288CF5}"
EndProject
Project("{2150E333-8FDC-42A3-9474-1A3956D46DE8}") = "Task2", "Task2", "{BA39BD02-96DA-427A-9090-D69D583E85EC}"
EndProject
Project("{FAE04EC0-301F-11D3-BF4B-00C04F79EFBC}") = "Tyuiu.NefedovIS.Sprint2.Task2.V10", "Tyuiu.NefedovIS.Sprint2.Task2.V10\Tyuiu.NefedovIS.Sprint2.Task2.V10.csproj", "{357827A4-E37B-4AF8-AA2F-B7DEB04ABAA2}"
EndProject
Project("{FAE04EC0-301F-11D3-BF4B-00C04F79EFBC}") = "Tyuiu.NefedovIS.Sprint2.Task2.V10.Lib", "Tyuiu.NefedovIS.Sprint2.Task2.V10.Lib\Tyuiu.NefedovIS.Sprint2.Task2.V10.Lib.csproj", "{AA19FF2A-7DB5-4BCD-8FFE-046269B25BAD}"
EndProject
Project("{FAE04EC0-301F-11D3-BF4B-00C04F79EFBC}") = "Tyuiu.NefedovIS.Sprint2.Task2.V10.Test", "Tyuiu.NefedovIS.Sprint2.Task2.V10.Test\Tyuiu.NefedovIS.Sprint2.Task2.V10.Test.csproj", "{D3F94B7D-7FB8-4353-8576-380DA7699F6B}"
EndProject
Project("{2150E333-8FDC-42A3-9474-1A3956D46DE8}") = "Task3", "Task3", "{E1DDD46A-954B-4D19-9BB4-D4BD4B0911D3}"
EndProject
Project("{FAE04EC0-301F-11D3-BF4B-00C04F79EFBC}") = "Tyuiu.NefedovIS.Sprint2.Task3.V18", "Tyuiu.NefedovIS.Sprint2.Task3.V18\Tyuiu.NefedovIS.Sprint2.Task3.V18.csproj", "{8CE483A6-EA99-487E-B4DE-2CCE8C8B538A}"
EndProject
Project("{FAE04EC0-301F-11D3-BF4B-00C04F79EFBC}") = "Tyuiu.NefedovIS.Sprint2.Task3.V18.Lib", "Tyuiu.NefedovIS.Sprint2.Task3.V18.Lib\Tyuiu.NefedovIS.Sprint2.Task3.V18.Lib.csproj", "{AE39EC36-18DE-443E-AB8B-7190499C4425}"
EndProject
Project("{FAE04EC0-301F-11D3-BF4B-00C04F79EFBC}") = "Tyuiu.NefedovIS.Sprint2.Task3.V18.Test", "Tyuiu.NefedovIS.Sprint2.Task3.V18.Test\Tyuiu.NefedovIS.Sprint2.Task3.V18.Test.csproj", "{96C521D8-3597-4AFB-8948-5898DEDADF6F}"
EndProject
Project("{2150E333-8FDC-42A3-9474-1A3956D46DE8}") = "Task4", "Task4", "{E749DC8A-1993-48E5-91C9-CF5E1F0A0EA2}"
EndProject
Project("{FAE04EC0-301F-11D3-BF4B-00C04F79EFBC}") = "Tyuiu.NefedovIS.Sprint2.Task4.V4", "Tyuiu.NefedovIS.Sprint2.Task4.V4\Tyuiu.NefedovIS.Sprint2.Task4.V4.csproj", "{3EF559FC-016F-4E4C-A75D-0C30FEC5E8EA}"
EndProject
Project("{FAE04EC0-301F-11D3-BF4B-00C04F79EFBC}") = "Tyuiu.NefedovIS.Sprint2.Task4.V4.Lib", "Tyuiu.NefedovIS.Sprint2.Task4.V4.Lib\Tyuiu.NefedovIS.Sprint2.Task4.V4.Lib.csproj", "{FC18DD24-372C-4F26-9FA3-D724F37519AE}"
EndProject
Project("{FAE04EC0-301F-11D3-BF4B-00C04F79EFBC}") = "Tyuiu.NefedovIS.Sprint2.Task4.V4.Test", "Tyuiu.NefedovIS.Sprint2.Task4.V4.Test\Tyuiu.NefedovIS.Sprint2.Task4.V4.Test.csproj", "{022E15F8-E943-4DF1-9306-838249014F74}"
EndProject
Project("{2150E333-8FDC-42A3-9474-1A3956D46DE8}") = "Task5", "Task5", "{E47AA5E8-AFAC-4086-B38D-C1AB809C6914}"
EndProject
Project("{FAE04EC0-301F-11D3-BF4B-00C04F79EFBC}") = "Tyuiu.NefedovIS.Sprint2.Task5.V14", "Tyuiu.NefedovIS.Sprint2.Task5.V14\Tyuiu.NefedovIS.Sprint2.Task5.V14.csproj", "{0F2BA82B-A489-41A2-B5B4-9B38120EB3D5}"
EndProject
Project("{FAE04EC0-301F-11D3-BF4B-00C04F79EFBC}") = "Tyuiu.NefedovIS.Sprint2.Task5.V14.Lib", "Tyuiu.NefedovIS.Sprint2.Task5.V14.Lib\Tyuiu.NefedovIS.Sprint2.Task5.V14.Lib.csproj", "{BC26E1DA-67D5-4F1F-9544-00C7B770870D}"
EndProject
Project("{FAE04EC0-301F-11D3-BF4B-00C04F79EFBC}") = "Tyuiu.NefedovIS.Sprint2.Task5.V14.Test", "Tyuiu.NefedovIS.Sprint2.Task5.V14.Test\Tyuiu.NefedovIS.Sprint2.Task5.V14.Test.csproj", "{D8FA7AC1-382F-4CDD-BA37-7A50F4C944DD}"
EndProject
Project("{2150E333-8FDC-42A3-9474-1A3956D46DE8}") = "Task6", "Task6", "{F72CD9D2-5132-4120-8B7F-13C1ED47700C}"
EndProject
Project("{FAE04EC0-301F-11D3-BF4B-00C04F79EFBC}") = "Tyuiu.NefedovIS.Sprint2.Task6.V3", "Tyuiu.NefedovIS.Sprint2.Task6.V3\Tyuiu.NefedovIS.Sprint2.Task6.V3.csproj", "{C6EE2B01-8DBF-48B8-A6D3-3530D00432D5}"
EndProject
Project("{FAE04EC0-301F-11D3-BF4B-00C04F79EFBC}") = "Tyuiu.NefedovIS.Sprint2.Task6.V3.Lib", "Tyuiu.NefedovIS.Sprint2.Task6.V3.Lib\Tyuiu.NefedovIS.Sprint2.Task6.V3.Lib.csproj", "{0BC062D0-929A-4651-9FA5-5AF3CD8A4FA9}"
EndProject
Project("{FAE04EC0-301F-11D3-BF4B-00C04F79EFBC}") = "Tyuiu.NefedovIS.Sprint2.Task6.V3.Test", "Tyuiu.NefedovIS.Sprint2.Task6.V3.Test\Tyuiu.NefedovIS.Sprint2.Task6.V3.Test.csproj", "{A02D214A-16C5-4064-B5D2-DC5E1D4C3351}"
EndProject
Project("{2150E333-8FDC-42A3-9474-1A3956D46DE8}") = "Task7", "Task7", "{685BBACF-BD59-4C29-98DC-EBCB48F00AB6}"
EndProject
Project("{FAE04EC0-301F-11D3-BF4B-00C04F79EFBC}") = "Tyuiu.NefedovIS.Sprint2.Task7.V3", "Tyuiu.NefedovIS.Sprint2.Task7.V3\Tyuiu.NefedovIS.Sprint2.Task7.V3.csproj", "{3D886F56-DDEF-4B35-B7A8-28A1F165D1B1}"
EndProject
Project("{FAE04EC0-301F-11D3-BF4B-00C04F79EFBC}") = "Tyuiu.NefedovIS.Sprint2.Task7.V3.Lib", "Tyuiu.NefedovIS.Sprint2.Task7.V3.Lib\Tyuiu.NefedovIS.Sprint2.Task7.V3.Lib.csproj", "{40985982-A88B-4F4E-B790-1655CE3B01C6}"
EndProject
Project("{FAE04EC0-301F-11D3-BF4B-00C04F79EFBC}") = "Tyuiu.NefedovIS.Sprint2.Task7.V3.Test", "Tyuiu.NefedovIS.Sprint2.Task7.V3.Test\Tyuiu.NefedovIS.Sprint2.Task7.V3.Test.csproj", "{6C128E34-7B74-48E8-9FB8-28FE776FDA0A}"
EndProject
Global
	GlobalSection(SolutionConfigurationPlatforms) = preSolution
		Debug|Any CPU = Debug|Any CPU
		Release|Any CPU = Release|Any CPU
	EndGlobalSection
	GlobalSection(ProjectConfigurationPlatforms) = postSolution
		{553C6AFE-F141-4018-8A78-42E01077F992}.Debug|Any CPU.ActiveCfg = Debug|Any CPU
		{553C6AFE-F141-4018-8A78-42E01077F992}.Debug|Any CPU.Build.0 = Debug|Any CPU
		{553C6AFE-F141-4018-8A78-42E01077F992}.Release|Any CPU.ActiveCfg = Release|Any CPU
		{553C6AFE-F141-4018-8A78-42E01077F992}.Release|Any CPU.Build.0 = Release|Any CPU
		{097A3464-E213-4562-9EF6-A1344E5735B0}.Debug|Any CPU.ActiveCfg = Debug|Any CPU
		{097A3464-E213-4562-9EF6-A1344E5735B0}.Debug|Any CPU.Build.0 = Debug|Any CPU
		{097A3464-E213-4562-9EF6-A1344E5735B0}.Release|Any CPU.ActiveCfg = Release|Any CPU
		{097A3464-E213-4562-9EF6-A1344E5735B0}.Release|Any CPU.Build.0 = Release|Any CPU
		{5556DB65-7A76-48C3-9ACE-5E92429F2936}.Debug|Any CPU.ActiveCfg = Debug|Any CPU
		{5556DB65-7A76-48C3-9ACE-5E92429F2936}.Debug|Any CPU.Build.0 = Debug|Any CPU
		{5556DB65-7A76-48C3-9ACE-5E92429F2936}.Release|Any CPU.ActiveCfg = Release|Any CPU
		{5556DB65-7A76-48C3-9ACE-5E92429F2936}.Release|Any CPU.Build.0 = Release|Any CPU
		{2C843123-AB2F-4A63-8C8B-DF0D77D00A13}.Debug|Any CPU.ActiveCfg = Debug|Any CPU
		{2C843123-AB2F-4A63-8C8B-DF0D77D00A13}.Debug|Any CPU.Build.0 = Debug|Any CPU
		{2C843123-AB2F-4A63-8C8B-DF0D77D00A13}.Release|Any CPU.ActiveCfg = Release|Any CPU
		{2C843123-AB2F-4A63-8C8B-DF0D77D00A13}.Release|Any CPU.Build.0 = Release|Any CPU
		{46E452E3-5ACE-4DE1-A9F6-81457B6C8E2D}.Debug|Any CPU.ActiveCfg = Debug|Any CPU
		{46E452E3-5ACE-4DE1-A9F6-81457B6C8E2D}.Debug|Any CPU.Build.0 = Debug|Any CPU
		{46E452E3-5ACE-4DE1-A9F6-81457B6C8E2D}.Release|Any CPU.ActiveCfg = Release|Any CPU
		{46E452E3-5ACE-4DE1-A9F6-81457B6C8E2D}.Release|Any CPU.Build.0 = Release|Any CPU
		{E2C2BB98-F996-44DA-8B07-D41E4C288CF5}.Debug|Any CPU.ActiveCfg = Debug|Any CPU
		{E2C2BB98-F996-44DA-8B07-D41E4C288CF5}.Debug|Any CPU.Build.0 = Debug|Any CPU
		{E2C2BB98-F996-44DA-8B07-D41E4C288CF5}.Release|Any CPU.ActiveCfg = Release|Any CPU
		{E2C2BB98-F996-44DA-8B07-D41E4C288CF5}.Release|Any CPU.Build.0 = Release|Any CPU
		{357827A4-E37B-4AF8-AA2F-B7DEB04ABAA2}.Debug|Any CPU.ActiveCfg = Debug|Any CPU
		{357827A4-E37B-4AF8-AA2F-B7DEB04ABAA2}.Debug|Any CPU.Build.0 = Debug|Any CPU
		{357827A4-E37B-4AF8-AA2F-B7DEB04ABAA2}.Release|Any CPU.ActiveCfg = Release|Any CPU
		{357827A4-E37B-4AF8-AA2F-B7DEB04ABAA2}.Release|Any CPU.Build.0 = Release|Any CPU
		{AA19FF2A-7DB5-4BCD-8FFE-046269B25BAD}.Debug|Any CPU.ActiveCfg = Debug|Any CPU
		{AA19FF2A-7DB5-4BCD-8FFE-046269B25BAD}.Debug|Any CPU.Build.0 = Debug|Any CPU
		{AA19FF2A-7DB5-4BCD-8FFE-046269B25BAD}.Release|Any CPU.ActiveCfg = Release|Any CPU
		{AA19FF2A-7DB5-4BCD-8FFE-046269B25BAD}.Release|Any CPU.Build.0 = Release|Any CPU
		{D3F94B7D-7FB8-4353-8576-380DA7699F6B}.Debug|Any CPU.ActiveCfg = Debug|Any CPU
		{D3F94B7D-7FB8-4353-8576-380DA7699F6B}.Debug|Any CPU.Build.0 = Debug|Any CPU
		{D3F94B7D-7FB8-4353-8576-380DA7699F6B}.Release|Any CPU.ActiveCfg = Release|Any CPU
		{D3F94B7D-7FB8-4353-8576-380DA7699F6B}.Release|Any CPU.Build.0 = Release|Any CPU
		{8CE483A6-EA99-487E-B4DE-2CCE8C8B538A}.Debug|Any CPU.ActiveCfg = Debug|Any CPU
		{8CE483A6-EA99-487E-B4DE-2CCE8C8B538A}.Debug|Any CPU.Build.0 = Debug|Any CPU
		{8CE483A6-EA99-487E-B4DE-2CCE8C8B538A}.Release|Any CPU.ActiveCfg = Release|Any CPU
		{8CE483A6-EA99-487E-B4DE-2CCE8C8B538A}.Release|Any CPU.Build.0 = Release|Any CPU
		{AE39EC36-18DE-443E-AB8B-7190499C4425}.Debug|Any CPU.ActiveCfg = Debug|Any CPU
		{AE39EC36-18DE-443E-AB8B-7190499C4425}.Debug|Any CPU.Build.0 = Debug|Any CPU
		{AE39EC36-18DE-443E-AB8B-7190499C4425}.Release|Any CPU.ActiveCfg = Release|Any CPU
		{AE39EC36-18DE-443E-AB8B-7190499C4425}.Release|Any CPU.Build.0 = Release|Any CPU
		{96C521D8-3597-4AFB-8948-5898DEDADF6F}.Debug|Any CPU.ActiveCfg = Debug|Any CPU
		{96C521D8-3597-4AFB-8948-5898DEDADF6F}.Debug|Any CPU.Build.0 = Debug|Any CPU
		{96C521D8-3597-4AFB-8948-5898DEDADF6F}.Release|Any CPU.ActiveCfg = Release|Any CPU
		{96C521D8-3597-4AFB-8948-5898DEDADF6F}.Release|Any CPU.Build.0 = Release|Any CPU
		{3EF559FC-016F-4E4C-A75D-0C30FEC5E8EA}.Debug|Any CPU.ActiveCfg = Debug|Any CPU
		{3EF559FC-016F-4E4C-A75D-0C30FEC5E8EA}.Debug|Any CPU.Build.0 = Debug|Any CPU
		{3EF559FC-016F-4E4C-A75D-0C30FEC5E8EA}.Release|Any CPU.ActiveCfg = Release|Any CPU
		{3EF559FC-016F-4E4C-A75D-0C30FEC5E8EA}.Release|Any CPU.Build.0 = Release|Any CPU
		{FC18DD24-372C-4F26-9FA3-D724F37519AE}.Debug|Any CPU.ActiveCfg = Debug|Any CPU
		{FC18DD24-372C-4F26-9FA3-D724F37519AE}.Debug|Any CPU.Build.0 = Debug|Any CPU
		{FC18DD24-372C-4F26-9FA3-D724F37519AE}.Release|Any CPU.ActiveCfg = Release|Any CPU
		{FC18DD24-372C-4F26-9FA3-D724F37519AE}.Release|Any CPU.Build.0 = Release|Any CPU
		{022E15F8-E943-4DF1-9306-838249014F74}.Debug|Any CPU.ActiveCfg = Debug|Any CPU
		{022E15F8-E943-4DF1-9306-838249014F74}.Debug|Any CPU.Build.0 = Debug|Any CPU
		{022E15F8-E943-4DF1-9306-838249014F74}.Release|Any CPU.ActiveCfg = Release|Any CPU
		{022E15F8-E943-4DF1-9306-838249014F74}.Release|Any CPU.Build.0 = Release|Any CPU
		{0F2BA82B-A489-41A2-B5B4-9B38120EB3D5}.Debug|Any CPU.ActiveCfg = Debug|Any CPU
		{0F2BA82B-A489-41A2-B5B4-9B38120EB3D5}.Debug|Any CPU.Build.0 = Debug|Any CPU
		{0F2BA82B-A489-41A2-B5B4-9B38120EB3D5}.Release|Any CPU.ActiveCfg = Release|Any CPU
		{0F2BA82B-A489-41A2-B5B4-9B38120EB3D5}.Release|Any CPU.Build.0 = Release|Any CPU
		{BC26E1DA-67D5-4F1F-9544-00C7B770870D}.Debug|Any CPU.ActiveCfg = Debug|Any CPU
		{BC26E1DA-67D5-4F1F-9544-00C7B770870D}.Debug|Any CPU.Build.0 = Debug|Any CPU
		{BC26E1DA-67D5-4F1F-9544-00C7B770870D}.Release|Any CPU.ActiveCfg = Release|Any CPU
		{BC26E1DA-67D5-4F1F-9544-00C7B770870D}.Release|Any CPU.Build.0 = Release|Any CPU
		{D8FA7AC1-382F-4CDD-BA37-7A50F4C944DD}.Debug|Any CPU.ActiveCfg = Debug|Any CPU
		{D8FA7AC1-382F-4CDD-BA37-7A50F4C944DD}.Debug|Any CPU.Build.0 = Debug|Any CPU
		{D8FA7AC1-382F-4CDD-BA37-7A50F4C944DD}.Release|Any CPU.ActiveCfg = Release|Any CPU
		{D8FA7AC1-382F-4CDD-BA37-7A50F4C944DD}.Release|Any CPU.Build.0 = Release|Any CPU
		{C6EE2B01-8DBF-48B8-A6D3-3530D00432D5}.Debug|Any CPU.ActiveCfg = Debug|Any CPU
		{C6EE2B01-8DBF-48B8-A6D3-3530D00432D5}.Debug|Any CPU.Build.0 = Debug|Any CPU
		{C6EE2B01-8DBF-48B8-A6D3-3530D00432D5}.Release|Any CPU.ActiveCfg = Release|Any CPU
		{C6EE2B01-8DBF-48B8-A6D3-3530D00432D5}.Release|Any CPU.Build.0 = Release|Any CPU
		{0BC062D0-929A-4651-9FA5-5AF3CD8A4FA9}.Debug|Any CPU.ActiveCfg = Debug|Any CPU
		{0BC062D0-929A-4651-9FA5-5AF3CD8A4FA9}.Debug|Any CPU.Build.0 = Debug|Any CPU
		{0BC062D0-929A-4651-9FA5-5AF3CD8A4FA9}.Release|Any CPU.ActiveCfg = Release|Any CPU
		{0BC062D0-929A-4651-9FA5-5AF3CD8A4FA9}.Release|Any CPU.Build.0 = Release|Any CPU
		{A02D214A-16C5-4064-B5D2-DC5E1D4C3351}.Debug|Any CPU.ActiveCfg = Debug|Any CPU
		{A02D214A-16C5-4064-B5D2-DC5E1D4C3351}.Debug|Any CPU.Build.0 = Debug|Any CPU
		{A02D214A-16C5-4064-B5D2-DC5E1D4C3351}.Release|Any CPU.ActiveCfg = Release|Any CPU
		{A02D214A-16C5-4064-B5D2-DC5E1D4C3351}.Release|Any CPU.Build.0 = Release|Any CPU
		{3D886F56-DDEF-4B35-B7A8-28A1F165D1B1}.Debug|Any CPU.ActiveCfg = Debug|Any CPU
		{3D886F56-DDEF-4B35-B7A8-28A1F165D1B1}.Debug|Any CPU.Build.0 = Debug|Any CPU
		{3D886F56-DDEF-4B35-B7A8-28A1F165D1B1}.Release|Any CPU.ActiveCfg = Release|Any CPU
		{3D886F56-DDEF-4B35-B7A8-28A1F165D1B1}.Release|Any CPU.Build.0 = Release|Any CPU
		{40985982-A88B-4F4E-B790-1655CE3B01C6}.Debug|Any CPU.ActiveCfg = Debug|Any CPU
		{40985982-A88B-4F4E-B790-1655CE3B01C6}.Debug|Any CPU.Build.0 = Debug|Any CPU
		{40985982-A88B-4F4E-B790-1655CE3B01C6}.Release|Any CPU.ActiveCfg = Release|Any CPU
		{40985982-A88B-4F4E-B790-1655CE3B01C6}.Release|Any CPU.Build.0 = Release|Any CPU
		{6C128E34-7B74-48E8-9FB8-28FE776FDA0A}.Debug|Any CPU.ActiveCfg = Debug|Any CPU
		{6C128E34-7B74-48E8-9FB8-28FE776FDA0A}.Debug|Any CPU.Build.0 = Debug|Any CPU
		{6C128E34-7B74-48E8-9FB8-28FE776FDA0A}.Release|Any CPU.ActiveCfg = Release|Any CPU
		{6C128E34-7B74-48E8-9FB8-28FE776FDA0A}.Release|Any CPU.Build.0 = Release|Any CPU
	EndGlobalSection
	GlobalSection(SolutionProperties) = preSolution
		HideSolutionNode = FALSE
	EndGlobalSection
	GlobalSection(NestedProjects) = preSolution
		{553C6AFE-F141-4018-8A78-42E01077F992} = {2901A59E-7D6D-4603-966D-70583BF4B179}
		{097A3464-E213-4562-9EF6-A1344E5735B0} = {2901A59E-7D6D-4603-966D-70583BF4B179}
		{5556DB65-7A76-48C3-9ACE-5E92429F2936} = {2901A59E-7D6D-4603-966D-70583BF4B179}
		{2C843123-AB2F-4A63-8C8B-DF0D77D00A13} = {3E1A2511-6BB3-4972-B072-D00289C851A6}
		{46E452E3-5ACE-4DE1-A9F6-81457B6C8E2D} = {3E1A2511-6BB3-4972-B072-D00289C851A6}
		{E2C2BB98-F996-44DA-8B07-D41E4C288CF5} = {3E1A2511-6BB3-4972-B072-D00289C851A6}
		{357827A4-E37B-4AF8-AA2F-B7DEB04ABAA2} = {BA39BD02-96DA-427A-9090-D69D583E85EC}
		{AA19FF2A-7DB5-4BCD-8FFE-046269B25BAD} = {BA39BD02-96DA-427A-9090-D69D583E85EC}
		{D3F94B7D-7FB8-4353-8576-380DA7699F6B} = {BA39BD02-96DA-427A-9090-D69D583E85EC}
		{8CE483A6-EA99-487E-B4DE-2CCE8C8B538A} = {E1DDD46A-954B-4D19-9BB4-D4BD4B0911D3}
		{AE39EC36-18DE-443E-AB8B-7190499C4425} = {E1DDD46A-954B-4D19-9BB4-D4BD4B0911D3}
		{96C521D8-3597-4AFB-8948-5898DEDADF6F} = {E1DDD46A-954B-4D19-9BB4-D4BD4B0911D3}
		{3EF559FC-016F-4E4C-A75D-0C30FEC5E8EA} = {E749DC8A-1993-48E5-91C9-CF5E1F0A0EA2}
		{FC18DD24-372C-4F26-9FA3-D724F37519AE} = {E749DC8A-1993-48E5-91C9-CF5E1F0A0EA2}
		{022E15F8-E943-4DF1-9306-838249014F74} = {E749DC8A-1993-48E5-91C9-CF5E1F0A0EA2}
		{0F2BA82B-A489-41A2-B5B4-9B38120EB3D5} = {E47AA5E8-AFAC-4086-B38D-C1AB809C6914}
		{BC26E1DA-67D5-4F1F-9544-00C7B770870D} = {E47AA5E8-AFAC-4086-B38D-C1AB809C6914}
		{D8FA7AC1-382F-4CDD-BA37-7A50F4C944DD} = {E47AA5E8-AFAC-4086-B38D-C1AB809C6914}
		{C6EE2B01-8DBF-48B8-A6D3-3530D00432D5} = {F72CD9D2-5132-4120-8B7F-13C1ED47700C}
		{0BC062D0-929A-4651-9FA5-5AF3CD8A4FA9} = {F72CD9D2-5132-4120-8B7F-13C1ED47700C}
		{A02D214A-16C5-4064-B5D2-DC5E1D4C3351} = {F72CD9D2-5132-4120-8B7F-13C1ED47700C}
		{3D886F56-DDEF-4B35-B7A8-28A1F165D1B1} = {685BBACF-BD59-4C29-98DC-EBCB48F00AB6}
		{40985982-A88B-4F4E-B790-1655CE3B01C6} = {685BBACF-BD59-4C29-98DC-EBCB48F00AB6}
		{6C128E34-7B74-48E8-9FB8-28FE776FDA0A} = {685BBACF-BD59-4C29-98DC-EBCB48F00AB6}
	EndGlobalSection
	GlobalSection(ExtensibilityGlobals) = postSolution
		SolutionGuid = {3F70BB15-B300-4929-B79F-79554A505496}
	EndGlobalSection
EndGlobal
