
Microsoft Visual Studio Solution File, Format Version 12.00
# Visual Studio Version 17
VisualStudioVersion = 17.11.35303.130
MinimumVisualStudioVersion = 10.0.40219.1
Project("{2150E333-8FDC-42A3-9474-1A3956D46DE8}") = "Task0", "Task0", "{2901A59E-7D6D-4603-966D-70583BF4B179}"
EndProject
Project("{FAE04EC0-301F-11D3-BF4B-00C04F79EFBC}") = "Tyuiu.NefedovIS.Sprint2.Task0.V7", "Tyuiu.NefedovIS.Sprint2.Task0.V7\Tyuiu.NefedovIS.Sprint2.Task0.V7.csproj", "{553C6AFE-F141-4018-8A78-42E01077F992}"
EndProject
Project("{FAE04EC0-301F-11D3-BF4B-00C04F79EFBC}") = "Tyuiu.NefedovIS.Sprint2.Task0.V7.Lib", "Tyuiu.NefedovIS.Sprint2.Task0.V7.Lib\Tyuiu.NefedovIS.Sprint2.Task0.V7.Lib.csproj", "{097A3464-E213-4562-9EF6-A1344E5735B0}"
EndProject
Project("{FAE04EC0-301F-11D3-BF4B-00C04F79EFBC}") = "Tyuiu.NefedovIS.Sprint2.Task0.V7.Test", "Tyuiu.NefedovIS.Sprint2.Task0.V7.Test\Tyuiu.NefedovIS.Sprint2.Task0.V7.Test.csproj", "{5556DB65-7A76-48C3-9ACE-5E92429F2936}"
EndProject
Global
	GlobalSection(SolutionConfigurationPlatforms) = preSolution
		Debug|Any CPU = Debug|Any CPU
		Release|Any CPU = Release|Any CPU
	EndGlobalSection
	GlobalSection(ProjectConfigurationPlatforms) = postSolution
		{553C6AFE-F141-4018-8A78-42E01077F992}.Debug|Any CPU.ActiveCfg = Debug|Any CPU
		{553C6AFE-F141-4018-8A78-42E01077F992}.Debug|Any CPU.Build.0 = Debug|Any CPU
		{553C6AFE-F141-4018-8A78-42E01077F992}.Release|Any CPU.ActiveCfg = Release|Any CPU
		{553C6AFE-F141-4018-8A78-42E01077F992}.Release|Any CPU.Build.0 = Release|Any CPU
		{097A3464-E213-4562-9EF6-A1344E5735B0}.Debug|Any CPU.ActiveCfg = Debug|Any CPU
		{097A3464-E213-4562-9EF6-A1344E5735B0}.Debug|Any CPU.Build.0 = Debug|Any CPU
		{097A3464-E213-4562-9EF6-A1344E5735B0}.Release|Any CPU.ActiveCfg = Release|Any CPU
		{097A3464-E213-4562-9EF6-A1344E5735B0}.Release|Any CPU.Build.0 = Release|Any CPU
		{5556DB65-7A76-48C3-9ACE-5E92429F2936}.Debug|Any CPU.ActiveCfg = Debug|Any CPU
		{5556DB65-7A76-48C3-9ACE-5E92429F2936}.Debug|Any CPU.Build.0 = Debug|Any CPU
		{5556DB65-7A76-48C3-9ACE-5E92429F2936}.Release|Any CPU.ActiveCfg = Release|Any CPU
		{5556DB65-7A76-48C3-9ACE-5E92429F2936}.Release|Any CPU.Build.0 = Release|Any CPU
	EndGlobalSection
	GlobalSection(SolutionProperties) = preSolution
		HideSolutionNode = FALSE
	EndGlobalSection
	GlobalSection(NestedProjects) = preSolution
		{553C6AFE-F141-4018-8A78-42E01077F992} = {2901A59E-7D6D-4603-966D-70583BF4B179}
		{097A3464-E213-4562-9EF6-A1344E5735B0} = {2901A59E-7D6D-4603-966D-70583BF4B179}
		{5556DB65-7A76-48C3-9ACE-5E92429F2936} = {2901A59E-7D6D-4603-966D-70583BF4B179}
	EndGlobalSection
	GlobalSection(ExtensibilityGlobals) = postSolution
		SolutionGuid = {3F70BB15-B300-4929-B79F-79554A505496}
	EndGlobalSection
EndGlobal
